
Microsoft Visual Studio Solution File, Format Version 12.00
# Visual Studio Version 16
VisualStudioVersion = 16.6.30114.105
MinimumVisualStudioVersion = 10.0.40219.1
Project("{FAE04EC0-301F-11D3-BF4B-00C04F79EFBC}") = "API", "API\API.csproj", "{53815375-D27D-4B38-990E-099845CEAA03}"
EndProject
Project("{FAE04EC0-301F-11D3-BF4B-00C04F79EFBC}") = "Application", "Application\Application.csproj", "{9500F4A6-EB1E-423E-A2CD-893AE37A783A}"
EndProject
Project("{FAE04EC0-301F-11D3-BF4B-00C04F79EFBC}") = "Domain", "Domain\Domain.csproj", "{C705963E-800F-4650-BF49-C12F1642CA54}"
EndProject
Project("{FAE04EC0-301F-11D3-BF4B-00C04F79EFBC}") = "Persistence", "Persistence\Persistence.csproj", "{FA57C187-E2F8-42B7-B0E1-BE60F95E2671}"
EndProject
Project("{FAE04EC0-301F-11D3-BF4B-00C04F79EFBC}") = "Infrastructure", "Infrastructure\Infrastructure.csproj", "{0B787859-B19D-40A6-9B03-A1858972B241}"
EndProject
Global
	GlobalSection(SolutionConfigurationPlatforms) = preSolution
		Debug|Any CPU = Debug|Any CPU
		Debug|x64 = Debug|x64
		Debug|x86 = Debug|x86
		Release|Any CPU = Release|Any CPU
		Release|x64 = Release|x64
		Release|x86 = Release|x86
	EndGlobalSection
	GlobalSection(SolutionProperties) = preSolution
		HideSolutionNode = FALSE
	EndGlobalSection
	GlobalSection(ProjectConfigurationPlatforms) = postSolution
		{53815375-D27D-4B38-990E-099845CEAA03}.Debug|Any CPU.ActiveCfg = Debug|Any CPU
		{53815375-D27D-4B38-990E-099845CEAA03}.Debug|Any CPU.Build.0 = Debug|Any CPU
		{53815375-D27D-4B38-990E-099845CEAA03}.Debug|x64.ActiveCfg = Debug|Any CPU
		{53815375-D27D-4B38-990E-099845CEAA03}.Debug|x64.Build.0 = Debug|Any CPU
		{53815375-D27D-4B38-990E-099845CEAA03}.Debug|x86.ActiveCfg = Debug|Any CPU
		{53815375-D27D-4B38-990E-099845CEAA03}.Debug|x86.Build.0 = Debug|Any CPU
		{53815375-D27D-4B38-990E-099845CEAA03}.Release|Any CPU.ActiveCfg = Release|Any CPU
		{53815375-D27D-4B38-990E-099845CEAA03}.Release|Any CPU.Build.0 = Release|Any CPU
		{53815375-D27D-4B38-990E-099845CEAA03}.Release|x64.ActiveCfg = Release|Any CPU
		{53815375-D27D-4B38-990E-099845CEAA03}.Release|x64.Build.0 = Release|Any CPU
		{53815375-D27D-4B38-990E-099845CEAA03}.Release|x86.ActiveCfg = Release|Any CPU
		{53815375-D27D-4B38-990E-099845CEAA03}.Release|x86.Build.0 = Release|Any CPU
		{9500F4A6-EB1E-423E-A2CD-893AE37A783A}.Debug|Any CPU.ActiveCfg = Debug|Any CPU
		{9500F4A6-EB1E-423E-A2CD-893AE37A783A}.Debug|Any CPU.Build.0 = Debug|Any CPU
		{9500F4A6-EB1E-423E-A2CD-893AE37A783A}.Debug|x64.ActiveCfg = Debug|Any CPU
		{9500F4A6-EB1E-423E-A2CD-893AE37A783A}.Debug|x64.Build.0 = Debug|Any CPU
		{9500F4A6-EB1E-423E-A2CD-893AE37A783A}.Debug|x86.ActiveCfg = Debug|Any CPU
		{9500F4A6-EB1E-423E-A2CD-893AE37A783A}.Debug|x86.Build.0 = Debug|Any CPU
		{9500F4A6-EB1E-423E-A2CD-893AE37A783A}.Release|Any CPU.ActiveCfg = Release|Any CPU
		{9500F4A6-EB1E-423E-A2CD-893AE37A783A}.Release|Any CPU.Build.0 = Release|Any CPU
		{9500F4A6-EB1E-423E-A2CD-893AE37A783A}.Release|x64.ActiveCfg = Release|Any CPU
		{9500F4A6-EB1E-423E-A2CD-893AE37A783A}.Release|x64.Build.0 = Release|Any CPU
		{9500F4A6-EB1E-423E-A2CD-893AE37A783A}.Release|x86.ActiveCfg = Release|Any CPU
		{9500F4A6-EB1E-423E-A2CD-893AE37A783A}.Release|x86.Build.0 = Release|Any CPU
		{C705963E-800F-4650-BF49-C12F1642CA54}.Debug|Any CPU.ActiveCfg = Debug|Any CPU
		{C705963E-800F-4650-BF49-C12F1642CA54}.Debug|Any CPU.Build.0 = Debug|Any CPU
		{C705963E-800F-4650-BF49-C12F1642CA54}.Debug|x64.ActiveCfg = Debug|Any CPU
		{C705963E-800F-4650-BF49-C12F1642CA54}.Debug|x64.Build.0 = Debug|Any CPU
		{C705963E-800F-4650-BF49-C12F1642CA54}.Debug|x86.ActiveCfg = Debug|Any CPU
		{C705963E-800F-4650-BF49-C12F1642CA54}.Debug|x86.Build.0 = Debug|Any CPU
		{C705963E-800F-4650-BF49-C12F1642CA54}.Release|Any CPU.ActiveCfg = Release|Any CPU
		{C705963E-800F-4650-BF49-C12F1642CA54}.Release|Any CPU.Build.0 = Release|Any CPU
		{C705963E-800F-4650-BF49-C12F1642CA54}.Release|x64.ActiveCfg = Release|Any CPU
		{C705963E-800F-4650-BF49-C12F1642CA54}.Release|x64.Build.0 = Release|Any CPU
		{C705963E-800F-4650-BF49-C12F1642CA54}.Release|x86.ActiveCfg = Release|Any CPU
		{C705963E-800F-4650-BF49-C12F1642CA54}.Release|x86.Build.0 = Release|Any CPU
		{FA57C187-E2F8-42B7-B0E1-BE60F95E2671}.Debug|Any CPU.ActiveCfg = Debug|Any CPU
		{FA57C187-E2F8-42B7-B0E1-BE60F95E2671}.Debug|Any CPU.Build.0 = Debug|Any CPU
		{FA57C187-E2F8-42B7-B0E1-BE60F95E2671}.Debug|x64.ActiveCfg = Debug|Any CPU
		{FA57C187-E2F8-42B7-B0E1-BE60F95E2671}.Debug|x64.Build.0 = Debug|Any CPU
		{FA57C187-E2F8-42B7-B0E1-BE60F95E2671}.Debug|x86.ActiveCfg = Debug|Any CPU
		{FA57C187-E2F8-42B7-B0E1-BE60F95E2671}.Debug|x86.Build.0 = Debug|Any CPU
		{FA57C187-E2F8-42B7-B0E1-BE60F95E2671}.Release|Any CPU.ActiveCfg = Release|Any CPU
		{FA57C187-E2F8-42B7-B0E1-BE60F95E2671}.Release|Any CPU.Build.0 = Release|Any CPU
		{FA57C187-E2F8-42B7-B0E1-BE60F95E2671}.Release|x64.ActiveCfg = Release|Any CPU
		{FA57C187-E2F8-42B7-B0E1-BE60F95E2671}.Release|x64.Build.0 = Release|Any CPU
		{FA57C187-E2F8-42B7-B0E1-BE60F95E2671}.Release|x86.ActiveCfg = Release|Any CPU
		{FA57C187-E2F8-42B7-B0E1-BE60F95E2671}.Release|x86.Build.0 = Release|Any CPU
		{0B787859-B19D-40A6-9B03-A1858972B241}.Debug|Any CPU.ActiveCfg = Debug|Any CPU
		{0B787859-B19D-40A6-9B03-A1858972B241}.Debug|Any CPU.Build.0 = Debug|Any CPU
		{0B787859-B19D-40A6-9B03-A1858972B241}.Debug|x64.ActiveCfg = Debug|Any CPU
		{0B787859-B19D-40A6-9B03-A1858972B241}.Debug|x64.Build.0 = Debug|Any CPU
		{0B787859-B19D-40A6-9B03-A1858972B241}.Debug|x86.ActiveCfg = Debug|Any CPU
		{0B787859-B19D-40A6-9B03-A1858972B241}.Debug|x86.Build.0 = Debug|Any CPU
		{0B787859-B19D-40A6-9B03-A1858972B241}.Release|Any CPU.ActiveCfg = Release|Any CPU
		{0B787859-B19D-40A6-9B03-A1858972B241}.Release|Any CPU.Build.0 = Release|Any CPU
		{0B787859-B19D-40A6-9B03-A1858972B241}.Release|x64.ActiveCfg = Release|Any CPU
		{0B787859-B19D-40A6-9B03-A1858972B241}.Release|x64.Build.0 = Release|Any CPU
		{0B787859-B19D-40A6-9B03-A1858972B241}.Release|x86.ActiveCfg = Release|Any CPU
		{0B787859-B19D-40A6-9B03-A1858972B241}.Release|x86.Build.0 = Release|Any CPU
	EndGlobalSection
EndGlobal
